
Microsoft Visual Studio Solution File, Format Version 12.00
Project("{FAE04EC0-301F-11D3-BF4B-00C04F79EFBC}") = "myOwnDLL", "myOwnDLL\myOwnDLL.csproj", "{23208764-F655-4CA5-BAAF-E9116324817E}"
EndProject
Global
	GlobalSection(SolutionConfigurationPlatforms) = preSolution
		Debug|Any CPU = Debug|Any CPU
		Release|Any CPU = Release|Any CPU
	EndGlobalSection
	GlobalSection(ProjectConfigurationPlatforms) = postSolution
		{23208764-F655-4CA5-BAAF-E9116324817E}.Debug|Any CPU.ActiveCfg = Debug|Any CPU
		{23208764-F655-4CA5-BAAF-E9116324817E}.Debug|Any CPU.Build.0 = Debug|Any CPU
		{23208764-F655-4CA5-BAAF-E9116324817E}.Release|Any CPU.ActiveCfg = Release|Any CPU
		{23208764-F655-4CA5-BAAF-E9116324817E}.Release|Any CPU.Build.0 = Release|Any CPU
	EndGlobalSection
EndGlobal
