
Microsoft Visual Studio Solution File, Format Version 12.00
Project("{FAE04EC0-301F-11D3-BF4B-00C04F79EFBC}") = "LAB7", "LAB7\LAB7.csproj", "{CF7B0BD0-9056-481D-9E86-704A486A465E}"
EndProject
Global
	GlobalSection(SolutionConfigurationPlatforms) = preSolution
		Debug|Any CPU = Debug|Any CPU
		Release|Any CPU = Release|Any CPU
	EndGlobalSection
	GlobalSection(ProjectConfigurationPlatforms) = postSolution
		{CF7B0BD0-9056-481D-9E86-704A486A465E}.Debug|Any CPU.ActiveCfg = Debug|Any CPU
		{CF7B0BD0-9056-481D-9E86-704A486A465E}.Debug|Any CPU.Build.0 = Debug|Any CPU
		{CF7B0BD0-9056-481D-9E86-704A486A465E}.Release|Any CPU.ActiveCfg = Release|Any CPU
		{CF7B0BD0-9056-481D-9E86-704A486A465E}.Release|Any CPU.Build.0 = Release|Any CPU
	EndGlobalSection
EndGlobal
